// !$*UTF8*$!
{
	archiveVersion = 1;
	classes = {
	};
	objectVersion = 56;
	objects = {

/* Begin PBXBuildFile section */
		2857F8412B87E08900275108 /* TaskTestApp.swift in Sources */ = {isa = PBXBuildFile; fileRef = 2857F8402B87E08900275108 /* TaskTestApp.swift */; };
		2857F8452B87E08A00275108 /* Assets.xcassets in Resources */ = {isa = PBXBuildFile; fileRef = 2857F8442B87E08A00275108 /* Assets.xcassets */; };
		2857F8482B87E08A00275108 /* Preview Assets.xcassets in Resources */ = {isa = PBXBuildFile; fileRef = 2857F8472B87E08A00275108 /* Preview Assets.xcassets */; };
		2857F8522B87E0B500275108 /* ListFeature.swift in Sources */ = {isa = PBXBuildFile; fileRef = 2857F8512B87E0B500275108 /* ListFeature.swift */; };
		2857F8552B87E0F700275108 /* ComposableArchitecture in Frameworks */ = {isa = PBXBuildFile; productRef = 2857F8542B87E0F700275108 /* ComposableArchitecture */; };
		2857F8572B87E1B900275108 /* ListClient.swift in Sources */ = {isa = PBXBuildFile; fileRef = 2857F8562B87E1B900275108 /* ListClient.swift */; };
		2857F8592B87E45C00275108 /* RowFeature.swift in Sources */ = {isa = PBXBuildFile; fileRef = 2857F8582B87E45C00275108 /* RowFeature.swift */; };
		2857F8602B87EDCA00275108 /* Algorithms in Frameworks */ = {isa = PBXBuildFile; productRef = 2857F85F2B87EDCA00275108 /* Algorithms */; };
		F1F6078F2B889EE2004DE776 /* AppFeature.swift in Sources */ = {isa = PBXBuildFile; fileRef = F1F6078E2B889EE2004DE776 /* AppFeature.swift */; };
		F1F607912B889F52004DE776 /* AnimationFeature.swift in Sources */ = {isa = PBXBuildFile; fileRef = F1F607902B889F52004DE776 /* AnimationFeature.swift */; };
/* End PBXBuildFile section */

/* Begin PBXFileReference section */
		2857F83D2B87E08900275108 /* TaskTest.app */ = {isa = PBXFileReference; explicitFileType = wrapper.application; includeInIndex = 0; path = TaskTest.app; sourceTree = BUILT_PRODUCTS_DIR; };
		2857F8402B87E08900275108 /* TaskTestApp.swift */ = {isa = PBXFileReference; lastKnownFileType = sourcecode.swift; path = TaskTestApp.swift; sourceTree = "<group>"; };
		2857F8442B87E08A00275108 /* Assets.xcassets */ = {isa = PBXFileReference; lastKnownFileType = folder.assetcatalog; path = Assets.xcassets; sourceTree = "<group>"; };
		2857F8472B87E08A00275108 /* Preview Assets.xcassets */ = {isa = PBXFileReference; lastKnownFileType = folder.assetcatalog; path = "Preview Assets.xcassets"; sourceTree = "<group>"; };
		2857F8512B87E0B500275108 /* ListFeature.swift */ = {isa = PBXFileReference; lastKnownFileType = sourcecode.swift; path = ListFeature.swift; sourceTree = "<group>"; };
		2857F8562B87E1B900275108 /* ListClient.swift */ = {isa = PBXFileReference; lastKnownFileType = sourcecode.swift; path = ListClient.swift; sourceTree = "<group>"; };
		2857F8582B87E45C00275108 /* RowFeature.swift */ = {isa = PBXFileReference; lastKnownFileType = sourcecode.swift; path = RowFeature.swift; sourceTree = "<group>"; };
		F1F6078E2B889EE2004DE776 /* AppFeature.swift */ = {isa = PBXFileReference; lastKnownFileType = sourcecode.swift; path = AppFeature.swift; sourceTree = "<group>"; };
		F1F607902B889F52004DE776 /* AnimationFeature.swift */ = {isa = PBXFileReference; lastKnownFileType = sourcecode.swift; path = AnimationFeature.swift; sourceTree = "<group>"; };
/* End PBXFileReference section */

/* Begin PBXFrameworksBuildPhase section */
		2857F83A2B87E08900275108 /* Frameworks */ = {
			isa = PBXFrameworksBuildPhase;
			buildActionMask = 2147483647;
			files = (
				2857F8602B87EDCA00275108 /* Algorithms in Frameworks */,
				2857F8552B87E0F700275108 /* ComposableArchitecture in Frameworks */,
			);
			runOnlyForDeploymentPostprocessing = 0;
		};
/* End PBXFrameworksBuildPhase section */

/* Begin PBXGroup section */
		2857F8342B87E08900275108 = {
			isa = PBXGroup;
			children = (
				2857F83F2B87E08900275108 /* TaskTest */,
				2857F83E2B87E08900275108 /* Products */,
				2857F8532B87E0F700275108 /* Frameworks */,
			);
			sourceTree = "<group>";
		};
		2857F83E2B87E08900275108 /* Products */ = {
			isa = PBXGroup;
			children = (
				2857F83D2B87E08900275108 /* TaskTest.app */,
			);
			name = Products;
			sourceTree = "<group>";
		};
		2857F83F2B87E08900275108 /* TaskTest */ = {
			isa = PBXGroup;
			children = (
				2857F8402B87E08900275108 /* TaskTestApp.swift */,
				2857F8442B87E08A00275108 /* Assets.xcassets */,
				2857F8462B87E08A00275108 /* Preview Content */,
				2857F8512B87E0B500275108 /* ListFeature.swift */,
				2857F8562B87E1B900275108 /* ListClient.swift */,
				2857F8582B87E45C00275108 /* RowFeature.swift */,
				F1F6078E2B889EE2004DE776 /* AppFeature.swift */,
				F1F607902B889F52004DE776 /* AnimationFeature.swift */,
			);
			path = TaskTest;
			sourceTree = "<group>";
		};
		2857F8462B87E08A00275108 /* Preview Content */ = {
			isa = PBXGroup;
			children = (
				2857F8472B87E08A00275108 /* Preview Assets.xcassets */,
			);
			path = "Preview Content";
			sourceTree = "<group>";
		};
		2857F8532B87E0F700275108 /* Frameworks */ = {
			isa = PBXGroup;
			children = (
			);
			name = Frameworks;
			sourceTree = "<group>";
		};
/* End PBXGroup section */

/* Begin PBXNativeTarget section */
		2857F83C2B87E08900275108 /* TaskTest */ = {
			isa = PBXNativeTarget;
			buildConfigurationList = 2857F84B2B87E08A00275108 /* Build configuration list for PBXNativeTarget "TaskTest" */;
			buildPhases = (
				2857F8392B87E08900275108 /* Sources */,
				2857F83A2B87E08900275108 /* Frameworks */,
				2857F83B2B87E08900275108 /* Resources */,
			);
			buildRules = (
			);
			dependencies = (
			);
			name = TaskTest;
			packageProductDependencies = (
				2857F8542B87E0F700275108 /* ComposableArchitecture */,
				2857F85F2B87EDCA00275108 /* Algorithms */,
			);
			productName = TaskTest;
			productReference = 2857F83D2B87E08900275108 /* TaskTest.app */;
			productType = "com.apple.product-type.application";
		};
/* End PBXNativeTarget section */

/* Begin PBXProject section */
		2857F8352B87E08900275108 /* Project object */ = {
			isa = PBXProject;
			attributes = {
				BuildIndependentTargetsInParallel = 1;
				LastSwiftUpdateCheck = 1530;
				LastUpgradeCheck = 1530;
				TargetAttributes = {
					2857F83C2B87E08900275108 = {
						CreatedOnToolsVersion = 15.3;
					};
				};
			};
			buildConfigurationList = 2857F8382B87E08900275108 /* Build configuration list for PBXProject "TaskTest" */;
			compatibilityVersion = "Xcode 14.0";
			developmentRegion = en;
			hasScannedForEncodings = 0;
			knownRegions = (
				en,
				Base,
			);
			mainGroup = 2857F8342B87E08900275108;
			packageReferences = (
				2857F84E2B87E0A500275108 /* XCRemoteSwiftPackageReference "swift-composable-architecture" */,
				2857F85E2B87EDCA00275108 /* XCRemoteSwiftPackageReference "swift-algorithms" */,
			);
			productRefGroup = 2857F83E2B87E08900275108 /* Products */;
			projectDirPath = "";
			projectRoot = "";
			targets = (
				2857F83C2B87E08900275108 /* TaskTest */,
			);
		};
/* End PBXProject section */

/* Begin PBXResourcesBuildPhase section */
		2857F83B2B87E08900275108 /* Resources */ = {
			isa = PBXResourcesBuildPhase;
			buildActionMask = 2147483647;
			files = (
				2857F8482B87E08A00275108 /* Preview Assets.xcassets in Resources */,
				2857F8452B87E08A00275108 /* Assets.xcassets in Resources */,
			);
			runOnlyForDeploymentPostprocessing = 0;
		};
/* End PBXResourcesBuildPhase section */

/* Begin PBXSourcesBuildPhase section */
		2857F8392B87E08900275108 /* Sources */ = {
			isa = PBXSourcesBuildPhase;
			buildActionMask = 2147483647;
			files = (
				2857F8522B87E0B500275108 /* ListFeature.swift in Sources */,
				F1F6078F2B889EE2004DE776 /* AppFeature.swift in Sources */,
				2857F8572B87E1B900275108 /* ListClient.swift in Sources */,
				F1F607912B889F52004DE776 /* AnimationFeature.swift in Sources */,
				2857F8412B87E08900275108 /* TaskTestApp.swift in Sources */,
				2857F8592B87E45C00275108 /* RowFeature.swift in Sources */,
			);
			runOnlyForDeploymentPostprocessing = 0;
		};
/* End PBXSourcesBuildPhase section */

/* Begin XCBuildConfiguration section */
		2857F8492B87E08A00275108 /* Debug */ = {
			isa = XCBuildConfiguration;
			buildSettings = {
				ALWAYS_SEARCH_USER_PATHS = NO;
				ASSETCATALOG_COMPILER_GENERATE_SWIFT_ASSET_SYMBOL_EXTENSIONS = YES;
				CLANG_ANALYZER_NONNULL = YES;
				CLANG_ANALYZER_NUMBER_OBJECT_CONVERSION = YES_AGGRESSIVE;
				CLANG_CXX_LANGUAGE_STANDARD = "gnu++20";
				CLANG_ENABLE_MODULES = YES;
				CLANG_ENABLE_OBJC_ARC = YES;
				CLANG_ENABLE_OBJC_WEAK = YES;
				CLANG_WARN_BLOCK_CAPTURE_AUTORELEASING = YES;
				CLANG_WARN_BOOL_CONVERSION = YES;
				CLANG_WARN_COMMA = YES;
				CLANG_WARN_CONSTANT_CONVERSION = YES;
				CLANG_WARN_DEPRECATED_OBJC_IMPLEMENTATIONS = YES;
				CLANG_WARN_DIRECT_OBJC_ISA_USAGE = YES_ERROR;
				CLANG_WARN_DOCUMENTATION_COMMENTS = YES;
				CLANG_WARN_EMPTY_BODY = YES;
				CLANG_WARN_ENUM_CONVERSION = YES;
				CLANG_WARN_INFINITE_RECURSION = YES;
				CLANG_WARN_INT_CONVERSION = YES;
				CLANG_WARN_NON_LITERAL_NULL_CONVERSION = YES;
				CLANG_WARN_OBJC_IMPLICIT_RETAIN_SELF = YES;
				CLANG_WARN_OBJC_LITERAL_CONVERSION = YES;
				CLANG_WARN_OBJC_ROOT_CLASS = YES_ERROR;
				CLANG_WARN_QUOTED_INCLUDE_IN_FRAMEWORK_HEADER = YES;
				CLANG_WARN_RANGE_LOOP_ANALYSIS = YES;
				CLANG_WARN_STRICT_PROTOTYPES = YES;
				CLANG_WARN_SUSPICIOUS_MOVE = YES;
				CLANG_WARN_UNGUARDED_AVAILABILITY = YES_AGGRESSIVE;
				CLANG_WARN_UNREACHABLE_CODE = YES;
				CLANG_WARN__DUPLICATE_METHOD_MATCH = YES;
				COPY_PHASE_STRIP = NO;
				DEBUG_INFORMATION_FORMAT = dwarf;
				ENABLE_STRICT_OBJC_MSGSEND = YES;
				ENABLE_TESTABILITY = YES;
				ENABLE_USER_SCRIPT_SANDBOXING = YES;
				GCC_C_LANGUAGE_STANDARD = gnu17;
				GCC_DYNAMIC_NO_PIC = NO;
				GCC_NO_COMMON_BLOCKS = YES;
				GCC_OPTIMIZATION_LEVEL = 0;
				GCC_PREPROCESSOR_DEFINITIONS = (
					"DEBUG=1",
					"$(inherited)",
				);
				GCC_WARN_64_TO_32_BIT_CONVERSION = YES;
				GCC_WARN_ABOUT_RETURN_TYPE = YES_ERROR;
				GCC_WARN_UNDECLARED_SELECTOR = YES;
				GCC_WARN_UNINITIALIZED_AUTOS = YES_AGGRESSIVE;
				GCC_WARN_UNUSED_FUNCTION = YES;
				GCC_WARN_UNUSED_VARIABLE = YES;
				IPHONEOS_DEPLOYMENT_TARGET = 17.4;
				LOCALIZATION_PREFERS_STRING_CATALOGS = YES;
				MTL_ENABLE_DEBUG_INFO = INCLUDE_SOURCE;
				MTL_FAST_MATH = YES;
				ONLY_ACTIVE_ARCH = YES;
				SDKROOT = iphoneos;
				SWIFT_ACTIVE_COMPILATION_CONDITIONS = "DEBUG $(inherited)";
				SWIFT_OPTIMIZATION_LEVEL = "-Onone";
			};
			name = Debug;
		};
		2857F84A2B87E08A00275108 /* Release */ = {
			isa = XCBuildConfiguration;
			buildSettings = {
				ALWAYS_SEARCH_USER_PATHS = NO;
				ASSETCATALOG_COMPILER_GENERATE_SWIFT_ASSET_SYMBOL_EXTENSIONS = YES;
				CLANG_ANALYZER_NONNULL = YES;
				CLANG_ANALYZER_NUMBER_OBJECT_CONVERSION = YES_AGGRESSIVE;
				CLANG_CXX_LANGUAGE_STANDARD = "gnu++20";
				CLANG_ENABLE_MODULES = YES;
				CLANG_ENABLE_OBJC_ARC = YES;
				CLANG_ENABLE_OBJC_WEAK = YES;
				CLANG_WARN_BLOCK_CAPTURE_AUTORELEASING = YES;
				CLANG_WARN_BOOL_CONVERSION = YES;
				CLANG_WARN_COMMA = YES;
				CLANG_WARN_CONSTANT_CONVERSION = YES;
				CLANG_WARN_DEPRECATED_OBJC_IMPLEMENTATIONS = YES;
				CLANG_WARN_DIRECT_OBJC_ISA_USAGE = YES_ERROR;
				CLANG_WARN_DOCUMENTATION_COMMENTS = YES;
				CLANG_WARN_EMPTY_BODY = YES;
				CLANG_WARN_ENUM_CONVERSION = YES;
				CLANG_WARN_INFINITE_RECURSION = YES;
				CLANG_WARN_INT_CONVERSION = YES;
				CLANG_WARN_NON_LITERAL_NULL_CONVERSION = YES;
				CLANG_WARN_OBJC_IMPLICIT_RETAIN_SELF = YES;
				CLANG_WARN_OBJC_LITERAL_CONVERSION = YES;
				CLANG_WARN_OBJC_ROOT_CLASS = YES_ERROR;
				CLANG_WARN_QUOTED_INCLUDE_IN_FRAMEWORK_HEADER = YES;
				CLANG_WARN_RANGE_LOOP_ANALYSIS = YES;
				CLANG_WARN_STRICT_PROTOTYPES = YES;
				CLANG_WARN_SUSPICIOUS_MOVE = YES;
				CLANG_WARN_UNGUARDED_AVAILABILITY = YES_AGGRESSIVE;
				CLANG_WARN_UNREACHABLE_CODE = YES;
				CLANG_WARN__DUPLICATE_METHOD_MATCH = YES;
				COPY_PHASE_STRIP = NO;
				DEBUG_INFORMATION_FORMAT = "dwarf-with-dsym";
				ENABLE_NS_ASSERTIONS = NO;
				ENABLE_STRICT_OBJC_MSGSEND = YES;
				ENABLE_USER_SCRIPT_SANDBOXING = YES;
				GCC_C_LANGUAGE_STANDARD = gnu17;
				GCC_NO_COMMON_BLOCKS = YES;
				GCC_WARN_64_TO_32_BIT_CONVERSION = YES;
				GCC_WARN_ABOUT_RETURN_TYPE = YES_ERROR;
				GCC_WARN_UNDECLARED_SELECTOR = YES;
				GCC_WARN_UNINITIALIZED_AUTOS = YES_AGGRESSIVE;
				GCC_WARN_UNUSED_FUNCTION = YES;
				GCC_WARN_UNUSED_VARIABLE = YES;
				IPHONEOS_DEPLOYMENT_TARGET = 17.4;
				LOCALIZATION_PREFERS_STRING_CATALOGS = YES;
				MTL_ENABLE_DEBUG_INFO = NO;
				MTL_FAST_MATH = YES;
				SDKROOT = iphoneos;
				SWIFT_COMPILATION_MODE = wholemodule;
				VALIDATE_PRODUCT = YES;
			};
			name = Release;
		};
		2857F84C2B87E08A00275108 /* Debug */ = {
			isa = XCBuildConfiguration;
			buildSettings = {
				ASSETCATALOG_COMPILER_APPICON_NAME = AppIcon;
				ASSETCATALOG_COMPILER_GLOBAL_ACCENT_COLOR_NAME = AccentColor;
				CODE_SIGN_STYLE = Automatic;
				CURRENT_PROJECT_VERSION = 1;
				DEVELOPMENT_ASSET_PATHS = "\"TaskTest/Preview Content\"";
				ENABLE_PREVIEWS = YES;
				GENERATE_INFOPLIST_FILE = YES;
				INFOPLIST_KEY_UIApplicationSceneManifest_Generation = YES;
				INFOPLIST_KEY_UIApplicationSupportsIndirectInputEvents = YES;
				INFOPLIST_KEY_UILaunchScreen_Generation = YES;
				INFOPLIST_KEY_UISupportedInterfaceOrientations_iPad = "UIInterfaceOrientationPortrait UIInterfaceOrientationPortraitUpsideDown UIInterfaceOrientationLandscapeLeft UIInterfaceOrientationLandscapeRight";
				INFOPLIST_KEY_UISupportedInterfaceOrientations_iPhone = "UIInterfaceOrientationPortrait UIInterfaceOrientationLandscapeLeft UIInterfaceOrientationLandscapeRight";
				IPHONEOS_DEPLOYMENT_TARGET = 17.2;
				LD_RUNPATH_SEARCH_PATHS = (
					"$(inherited)",
					"@executable_path/Frameworks",
				);
				MARKETING_VERSION = 1.0;
				PRODUCT_BUNDLE_IDENTIFIER = org.tasktest.TaskTest;
				PRODUCT_NAME = "$(TARGET_NAME)";
				SWIFT_EMIT_LOC_STRINGS = YES;
				SWIFT_VERSION = 5.0;
				TARGETED_DEVICE_FAMILY = "1,2";
			};
			name = Debug;
		};
		2857F84D2B87E08A00275108 /* Release */ = {
			isa = XCBuildConfiguration;
			buildSettings = {
				ASSETCATALOG_COMPILER_APPICON_NAME = AppIcon;
				ASSETCATALOG_COMPILER_GLOBAL_ACCENT_COLOR_NAME = AccentColor;
				CODE_SIGN_STYLE = Automatic;
				CURRENT_PROJECT_VERSION = 1;
				DEVELOPMENT_ASSET_PATHS = "\"TaskTest/Preview Content\"";
				ENABLE_PREVIEWS = YES;
				GENERATE_INFOPLIST_FILE = YES;
				INFOPLIST_KEY_UIApplicationSceneManifest_Generation = YES;
				INFOPLIST_KEY_UIApplicationSupportsIndirectInputEvents = YES;
				INFOPLIST_KEY_UILaunchScreen_Generation = YES;
				INFOPLIST_KEY_UISupportedInterfaceOrientations_iPad = "UIInterfaceOrientationPortrait UIInterfaceOrientationPortraitUpsideDown UIInterfaceOrientationLandscapeLeft UIInterfaceOrientationLandscapeRight";
				INFOPLIST_KEY_UISupportedInterfaceOrientations_iPhone = "UIInterfaceOrientationPortrait UIInterfaceOrientationLandscapeLeft UIInterfaceOrientationLandscapeRight";
				IPHONEOS_DEPLOYMENT_TARGET = 17.2;
				LD_RUNPATH_SEARCH_PATHS = (
					"$(inherited)",
					"@executable_path/Frameworks",
				);
				MARKETING_VERSION = 1.0;
				PRODUCT_BUNDLE_IDENTIFIER = org.tasktest.TaskTest;
				PRODUCT_NAME = "$(TARGET_NAME)";
				SWIFT_EMIT_LOC_STRINGS = YES;
				SWIFT_VERSION = 5.0;
				TARGETED_DEVICE_FAMILY = "1,2";
			};
			name = Release;
		};
/* End XCBuildConfiguration section */

/* Begin XCConfigurationList section */
		2857F8382B87E08900275108 /* Build configuration list for PBXProject "TaskTest" */ = {
			isa = XCConfigurationList;
			buildConfigurations = (
				2857F8492B87E08A00275108 /* Debug */,
				2857F84A2B87E08A00275108 /* Release */,
			);
			defaultConfigurationIsVisible = 0;
			defaultConfigurationName = Release;
		};
		2857F84B2B87E08A00275108 /* Build configuration list for PBXNativeTarget "TaskTest" */ = {
			isa = XCConfigurationList;
			buildConfigurations = (
				2857F84C2B87E08A00275108 /* Debug */,
				2857F84D2B87E08A00275108 /* Release */,
			);
			defaultConfigurationIsVisible = 0;
			defaultConfigurationName = Release;
		};
/* End XCConfigurationList section */

/* Begin XCRemoteSwiftPackageReference section */
		2857F84E2B87E0A500275108 /* XCRemoteSwiftPackageReference "swift-composable-architecture" */ = {
			isa = XCRemoteSwiftPackageReference;
			repositoryURL = "https://github.com/pointfreeco/swift-composable-architecture";
			requirement = {
				kind = upToNextMajorVersion;
				minimumVersion = 1.8.2;
			};
		};
		2857F85E2B87EDCA00275108 /* XCRemoteSwiftPackageReference "swift-algorithms" */ = {
			isa = XCRemoteSwiftPackageReference;
			repositoryURL = "https://github.com/apple/swift-algorithms.git";
			requirement = {
				kind = upToNextMajorVersion;
				minimumVersion = 1.2.0;
			};
		};
/* End XCRemoteSwiftPackageReference section */

/* Begin XCSwiftPackageProductDependency section */
		2857F8542B87E0F700275108 /* ComposableArchitecture */ = {
			isa = XCSwiftPackageProductDependency;
			package = 2857F84E2B87E0A500275108 /* XCRemoteSwiftPackageReference "swift-composable-architecture" */;
			productName = ComposableArchitecture;
		};
		2857F85F2B87EDCA00275108 /* Algorithms */ = {
			isa = XCSwiftPackageProductDependency;
			package = 2857F85E2B87EDCA00275108 /* XCRemoteSwiftPackageReference "swift-algorithms" */;
			productName = Algorithms;
		};
/* End XCSwiftPackageProductDependency section */
	};
	rootObject = 2857F8352B87E08900275108 /* Project object */;
}
